
Microsoft Visual Studio Solution File, Format Version 12.00
Project("{FAE04EC0-301F-11D3-BF4B-00C04F79EFBC}") = "Chief", "Chief.csproj", "{5A85FCAF-DAAC-4CAE-BC5C-4D6D6A8294D9}"
EndProject
Project("{FAE04EC0-301F-11D3-BF4B-00C04F79EFBC}") = "ChiefCore", "ChiefCore\ChiefCore.csproj", "{4D078273-78B7-4A5D-BD31-39FDD618968F}"
EndProject
Global
	GlobalSection(SolutionConfigurationPlatforms) = preSolution
		Debug|Any CPU = Debug|Any CPU
		Release|Any CPU = Release|Any CPU
	EndGlobalSection
	GlobalSection(ProjectConfigurationPlatforms) = postSolution
		{5A85FCAF-DAAC-4CAE-BC5C-4D6D6A8294D9}.Debug|Any CPU.ActiveCfg = Debug|Any CPU
		{5A85FCAF-DAAC-4CAE-BC5C-4D6D6A8294D9}.Debug|Any CPU.Build.0 = Debug|Any CPU
		{5A85FCAF-DAAC-4CAE-BC5C-4D6D6A8294D9}.Release|Any CPU.ActiveCfg = Release|Any CPU
		{5A85FCAF-DAAC-4CAE-BC5C-4D6D6A8294D9}.Release|Any CPU.Build.0 = Release|Any CPU
		{4D078273-78B7-4A5D-BD31-39FDD618968F}.Debug|Any CPU.ActiveCfg = Debug|Any CPU
		{4D078273-78B7-4A5D-BD31-39FDD618968F}.Debug|Any CPU.Build.0 = Debug|Any CPU
		{4D078273-78B7-4A5D-BD31-39FDD618968F}.Release|Any CPU.ActiveCfg = Release|Any CPU
		{4D078273-78B7-4A5D-BD31-39FDD618968F}.Release|Any CPU.Build.0 = Release|Any CPU
	EndGlobalSection
EndGlobal
