
Microsoft Visual Studio Solution File, Format Version 12.00
Project("{FAE04EC0-301F-11D3-BF4B-00C04F79EFBC}") = "Chief.App", "src\Chief.App\Chief.App.csproj", "{C36842CA-4C5F-4419-A7BF-2E148BC0D04F}"
EndProject
Project("{FAE04EC0-301F-11D3-BF4B-00C04F79EFBC}") = "Chief.Core", "src\Chief.Core\Chief.Core.csproj", "{1F067301-1F46-44F1-AA91-F7D42DAF1588}"
EndProject
Global
	GlobalSection(SolutionConfigurationPlatforms) = preSolution
		Debug|Any CPU = Debug|Any CPU
		Release|Any CPU = Release|Any CPU
	EndGlobalSection
	GlobalSection(ProjectConfigurationPlatforms) = postSolution
		{C36842CA-4C5F-4419-A7BF-2E148BC0D04F}.Debug|Any CPU.ActiveCfg = Debug|Any CPU
		{C36842CA-4C5F-4419-A7BF-2E148BC0D04F}.Debug|Any CPU.Build.0 = Debug|Any CPU
		{C36842CA-4C5F-4419-A7BF-2E148BC0D04F}.Release|Any CPU.ActiveCfg = Release|Any CPU
		{C36842CA-4C5F-4419-A7BF-2E148BC0D04F}.Release|Any CPU.Build.0 = Release|Any CPU
		{1F067301-1F46-44F1-AA91-F7D42DAF1588}.Debug|Any CPU.ActiveCfg = Debug|Any CPU
		{1F067301-1F46-44F1-AA91-F7D42DAF1588}.Debug|Any CPU.Build.0 = Debug|Any CPU
		{1F067301-1F46-44F1-AA91-F7D42DAF1588}.Release|Any CPU.ActiveCfg = Release|Any CPU
		{1F067301-1F46-44F1-AA91-F7D42DAF1588}.Release|Any CPU.Build.0 = Release|Any CPU
	EndGlobalSection
EndGlobal
